
Microsoft Visual Studio Solution File, Format Version 12.00
# Visual Studio Version 17
VisualStudioVersion = 17.10.34928.147
MinimumVisualStudioVersion = 10.0.40219.1
Project("{FAE04EC0-301F-11D3-BF4B-00C04F79EFBC}") = "Ejercicio3Modulo2", "Ejercicio3Modulo2\Ejercicio3Modulo2.csproj", "{CEE57028-6C8D-4785-BF9F-45D4A9E29C93}"
EndProject
Global
	GlobalSection(SolutionConfigurationPlatforms) = preSolution
		Debug|Any CPU = Debug|Any CPU
		Release|Any CPU = Release|Any CPU
	EndGlobalSection
	GlobalSection(ProjectConfigurationPlatforms) = postSolution
		{CEE57028-6C8D-4785-BF9F-45D4A9E29C93}.Debug|Any CPU.ActiveCfg = Debug|Any CPU
		{CEE57028-6C8D-4785-BF9F-45D4A9E29C93}.Debug|Any CPU.Build.0 = Debug|Any CPU
		{CEE57028-6C8D-4785-BF9F-45D4A9E29C93}.Release|Any CPU.ActiveCfg = Release|Any CPU
		{CEE57028-6C8D-4785-BF9F-45D4A9E29C93}.Release|Any CPU.Build.0 = Release|Any CPU
	EndGlobalSection
	GlobalSection(SolutionProperties) = preSolution
		HideSolutionNode = FALSE
	EndGlobalSection
	GlobalSection(ExtensibilityGlobals) = postSolution
		SolutionGuid = {04CA41BE-D1CB-41D3-85CA-22E9B887539E}
	EndGlobalSection
EndGlobal
